{
  "requires": true,
  "lockfileVersion": 1,
  "dependencies": {
    "@syncfusion/ej2-base": {
      "version": "18.4.31",
      "resolved": "https://registry.npmjs.org/@syncfusion/ej2-base/-/ej2-base-18.4.31.tgz",
      "integrity": "sha512-WT4SAqqk+igTs4jK6h8hylFd1VZWhuactRHSvVqdf1b3XHqG64BSyEEnMpQO3VynAkd66nNdnyUuaMPIIyCtdA==",
      "requires": {
        "@syncfusion/ej2-icons": "~18.4.30"
      }
    },
    "@syncfusion/ej2-buttons": {
      "version": "18.4.30",
      "resolved": "https://registry.npmjs.org/@syncfusion/ej2-buttons/-/ej2-buttons-18.4.30.tgz",
      "integrity": "sha512-rcsemtNOobwtmbsunYrpKDVFoBJ2R+M6tyhA+wWn0d/2CEgcJGaOvUCLIVECBKQTtIcqhOyxN5R6/VZDPHKVvQ==",
      "requires": {
        "@syncfusion/ej2-base": "~18.4.30"
      }
    },
    "@syncfusion/ej2-calendars": {
      "version": "18.4.31",
      "resolved": "https://registry.npmjs.org/@syncfusion/ej2-calendars/-/ej2-calendars-18.4.31.tgz",
      "integrity": "sha512-6H7qmk27CW2zQfmUkV35Q/Imv9JMk8t19tUQLWi0nV7rBmwnomhywZ3fHeJ7EKNJojrW0vo3LMF74I0hUXFvUg==",
      "requires": {
        "@syncfusion/ej2-base": "~18.4.31",
        "@syncfusion/ej2-buttons": "~18.4.30",
        "@syncfusion/ej2-inputs": "~18.4.31",
        "@syncfusion/ej2-lists": "~18.4.30",
        "@syncfusion/ej2-popups": "~18.4.30"
      }
    },
    "@syncfusion/ej2-compression": {
      "version": "18.4.30",
      "resolved": "https://registry.npmjs.org/@syncfusion/ej2-compression/-/ej2-compression-18.4.30.tgz",
      "integrity": "sha512-W9W/8XQRbs+23vnDSdeNGzU+pJovDESYKTtyLTgtXfqUat7BpZTCrEtnW7u+jC2RoLVPMjlHW06oB7yW6mC5Ag==",
      "requires": {
        "@syncfusion/ej2-file-utils": "~18.4.30"
      }
    },
    "@syncfusion/ej2-data": {
      "version": "18.4.30",
      "resolved": "https://registry.npmjs.org/@syncfusion/ej2-data/-/ej2-data-18.4.30.tgz",
      "integrity": "sha512-HQyB4yEAffuj394VZyUayfvyOzDL/IaNWQs2r6qXD2pZvAvWYq/NdK4PvfWNWFN9lO21IXUVK6TyH2F800ciJg==",
      "requires": {
        "@syncfusion/ej2-base": "~18.4.30"
      }
    },
    "@syncfusion/ej2-dropdowns": {
      "version": "18.4.32",
      "resolved": "https://registry.npmjs.org/@syncfusion/ej2-dropdowns/-/ej2-dropdowns-18.4.32.tgz",
      "integrity": "sha512-WqsnXdeZ5s9tgD5D96RzM9B+TwW4pJTRqY7bhUtAJz0ySXkTtgS8PinLToozGGI+Jh3f2/PGm6NHMsQsPhPkrw==",
      "requires": {
        "@syncfusion/ej2-base": "~18.4.31",
        "@syncfusion/ej2-data": "~18.4.30",
        "@syncfusion/ej2-inputs": "~18.4.32",
        "@syncfusion/ej2-lists": "~18.4.32",
        "@syncfusion/ej2-navigations": "~18.4.31",
        "@syncfusion/ej2-popups": "~18.4.30"
      }
    },
    "@syncfusion/ej2-excel-export": {
      "version": "18.4.32",
      "resolved": "https://registry.npmjs.org/@syncfusion/ej2-excel-export/-/ej2-excel-export-18.4.32.tgz",
      "integrity": "sha512-UTqr7j8FJwlFHtPPiXB4iit5QJjub5s/zAsJy4HSeeJs5rdNMlVNR5Z9/yp5e7I1SIVU+5xOjHceMzzA6kabwA==",
      "requires": {
        "@syncfusion/ej2-base": "~18.4.31",
        "@syncfusion/ej2-compression": "~18.4.30"
      }
    },
    "@syncfusion/ej2-file-utils": {
      "version": "18.4.30",
      "resolved": "https://registry.npmjs.org/@syncfusion/ej2-file-utils/-/ej2-file-utils-18.4.30.tgz",
      "integrity": "sha512-Iwqx3D6fbAN+remo0zgGf2tzHEM4qgAlPQhLyMFB3PgiREeksbJrnoA8DvZBo2DmMbDnZZrgd0hWRyHNKV9nFQ=="
    },
    "@syncfusion/ej2-icons": {
      "version": "18.4.30",
      "resolved": "https://registry.npmjs.org/@syncfusion/ej2-icons/-/ej2-icons-18.4.30.tgz",
      "integrity": "sha512-kUSNE0xglgwXdIsfXFpa4so9hLRUkvxEsSbZIZhhrJrc7Z8Y3Y7O8HUM9+rIJzY6cLG8KWy+A8tBO9qVADujfQ=="
    },
    "@syncfusion/ej2-inputs": {
      "version": "18.4.32",
      "resolved": "https://registry.npmjs.org/@syncfusion/ej2-inputs/-/ej2-inputs-18.4.32.tgz",
      "integrity": "sha512-eEC603xlDFQlX6/yfkveRdylYOweiDalOoxZCsdU/p6XQlTGAE9DTHno0EaYqzzgRRB5kJtvebycHmUT3nKRjA==",
      "requires": {
        "@syncfusion/ej2-base": "~18.4.31",
        "@syncfusion/ej2-buttons": "~18.4.30",
        "@syncfusion/ej2-popups": "~18.4.30",
        "@syncfusion/ej2-splitbuttons": "~18.4.31"
      }
    },
    "@syncfusion/ej2-lists": {
      "version": "18.4.32",
      "resolved": "https://registry.npmjs.org/@syncfusion/ej2-lists/-/ej2-lists-18.4.32.tgz",
      "integrity": "sha512-+OuVnpPbGlnfms/CGUtsp5EsRrWOUXcqfzoDpZzRfzIWxBKHwWJRQ0lgQQJrLAoDPHjuvibM77U2WHvJBxgdgQ==",
      "requires": {
        "@syncfusion/ej2-base": "~18.4.31",
        "@syncfusion/ej2-buttons": "~18.4.30",
        "@syncfusion/ej2-data": "~18.4.30"
      }
    },
    "@syncfusion/ej2-navigations": {
      "version": "18.4.31",
      "resolved": "https://registry.npmjs.org/@syncfusion/ej2-navigations/-/ej2-navigations-18.4.31.tgz",
      "integrity": "sha512-jq1BsnsH8wX7KkPeSscU+mdA/1KmRZho8Ks8lny+K15pvIOuRsehtqLGBXi8Fav46MIXIFz9TZ7Vrhpo/PyzDA==",
      "requires": {
        "@syncfusion/ej2-base": "~18.4.31",
        "@syncfusion/ej2-buttons": "~18.4.30",
        "@syncfusion/ej2-data": "~18.4.30",
        "@syncfusion/ej2-inputs": "~18.4.31",
        "@syncfusion/ej2-lists": "~18.4.30",
        "@syncfusion/ej2-popups": "~18.4.30"
      }
    },
    "@syncfusion/ej2-popups": {
      "version": "18.4.30",
      "resolved": "https://registry.npmjs.org/@syncfusion/ej2-popups/-/ej2-popups-18.4.30.tgz",
      "integrity": "sha512-APNzfUuWkM5lywV6/+/DYQGePMj/JhoAlrYI9OO8GNSMZj8xtSnWSkybUVLJyIgPQfh5B3YP7TsV1bjTC6fhXg==",
      "requires": {
        "@syncfusion/ej2-base": "~18.4.30",
        "@syncfusion/ej2-buttons": "~18.4.30"
      }
    },
    "@syncfusion/ej2-react-base": {
      "version": "18.4.32",
      "resolved": "https://registry.npmjs.org/@syncfusion/ej2-react-base/-/ej2-react-base-18.4.32.tgz",
      "integrity": "sha512-yPPA99iBjUrszX5kyKThRl3UqFPgexKPYcb6jgjRM/txwNpHmnZQi7L4EYg3++q8jHacbjone+q11pGpNH0huw==",
      "requires": {
        "@syncfusion/ej2-base": "~18.4.31"
      }
    },
    "@syncfusion/ej2-react-schedule": {
      "version": "18.4.32",
      "resolved": "https://registry.npmjs.org/@syncfusion/ej2-react-schedule/-/ej2-react-schedule-18.4.32.tgz",
      "integrity": "sha512-GY806hF05vlmIIKTw0YlUqjUAH4oGhoeKq9JZn7Xk8d2+hOqC2BETC+ZJYl+hpZvwg6UrR0fplr2M4Cq/eXUSw==",
      "requires": {
        "@syncfusion/ej2-base": "~18.4.31",
        "@syncfusion/ej2-react-base": "~18.4.32",
        "@syncfusion/ej2-schedule": "18.4.32"
      }
    },
    "@syncfusion/ej2-schedule": {
      "version": "18.4.32",
      "resolved": "https://registry.npmjs.org/@syncfusion/ej2-schedule/-/ej2-schedule-18.4.32.tgz",
      "integrity": "sha512-zVUVsbSzq8veaTzV3Gu9E89J9ma0uH7T9TolKrH4VDsmqvgDMR+dQE/L9xLuZHgz4Z7rqeTrQ9g3x7hw2CVPpw==",
      "requires": {
        "@syncfusion/ej2-base": "~18.4.31",
        "@syncfusion/ej2-buttons": "~18.4.30",
        "@syncfusion/ej2-calendars": "~18.4.31",
        "@syncfusion/ej2-data": "~18.4.30",
        "@syncfusion/ej2-dropdowns": "~18.4.32",
        "@syncfusion/ej2-excel-export": "~18.4.32",
        "@syncfusion/ej2-inputs": "~18.4.32",
        "@syncfusion/ej2-lists": "~18.4.32",
        "@syncfusion/ej2-navigations": "~18.4.31",
        "@syncfusion/ej2-popups": "~18.4.30"
      }
    },
    "@syncfusion/ej2-splitbuttons": {
      "version": "18.4.31",
      "resolved": "https://registry.npmjs.org/@syncfusion/ej2-splitbuttons/-/ej2-splitbuttons-18.4.31.tgz",
      "integrity": "sha512-GJ/eaWCCNZlWoTXWO4u9Nax6e0pgGObowJ2kk+E8l6PfYXSp3w99ze7pwmRXxSaSWXwBL1jxY4j4GD6ewoyNNg==",
      "requires": {
        "@syncfusion/ej2-base": "~18.4.31",
        "@syncfusion/ej2-popups": "~18.4.30"
      }
    }
  }
}
